// !$*UTF8*$!
{
	archiveVersion = 1;
	classes = {
	};
	objectVersion = 56;
	objects = {

/* Begin PBXBuildFile section */
		845C1E252A156373000D60D5 /* AppDelegate.swift in Sources */ = {isa = PBXBuildFile; fileRef = 845C1E242A156373000D60D5 /* AppDelegate.swift */; };
		845C1E272A156373000D60D5 /* SceneDelegate.swift in Sources */ = {isa = PBXBuildFile; fileRef = 845C1E262A156373000D60D5 /* SceneDelegate.swift */; };
		845C1E2E2A15637A000D60D5 /* Assets.xcassets in Resources */ = {isa = PBXBuildFile; fileRef = 845C1E2D2A15637A000D60D5 /* Assets.xcassets */; };
		845C1E312A15637A000D60D5 /* LaunchScreen.storyboard in Resources */ = {isa = PBXBuildFile; fileRef = 845C1E2F2A15637A000D60D5 /* LaunchScreen.storyboard */; };
		845C1E3B2A15838D000D60D5 /* CalculatorViewController.swift in Sources */ = {isa = PBXBuildFile; fileRef = 845C1E3A2A15838D000D60D5 /* CalculatorViewController.swift */; };
		845C1E3E2A1586ED000D60D5 /* CalculatorModel.swift in Sources */ = {isa = PBXBuildFile; fileRef = 845C1E3D2A1586ED000D60D5 /* CalculatorModel.swift */; };
		845C1E402A1587AE000D60D5 /* IMCCalculator.swift in Sources */ = {isa = PBXBuildFile; fileRef = 845C1E3F2A1587AE000D60D5 /* IMCCalculator.swift */; };
		845C1E422A164E5E000D60D5 /* ResultsViewController.swift in Sources */ = {isa = PBXBuildFile; fileRef = 845C1E412A164E5D000D60D5 /* ResultsViewController.swift */; };
/* End PBXBuildFile section */

/* Begin PBXFileReference section */
		845C1E212A156373000D60D5 /* IMCApp.app */ = {isa = PBXFileReference; explicitFileType = wrapper.application; includeInIndex = 0; path = IMCApp.app; sourceTree = BUILT_PRODUCTS_DIR; };
		845C1E242A156373000D60D5 /* AppDelegate.swift */ = {isa = PBXFileReference; lastKnownFileType = sourcecode.swift; path = AppDelegate.swift; sourceTree = "<group>"; };
		845C1E262A156373000D60D5 /* SceneDelegate.swift */ = {isa = PBXFileReference; lastKnownFileType = sourcecode.swift; path = SceneDelegate.swift; sourceTree = "<group>"; };
		845C1E2D2A15637A000D60D5 /* Assets.xcassets */ = {isa = PBXFileReference; lastKnownFileType = folder.assetcatalog; path = Assets.xcassets; sourceTree = "<group>"; };
		845C1E302A15637A000D60D5 /* Base */ = {isa = PBXFileReference; lastKnownFileType = file.storyboard; name = Base; path = Base.lproj/LaunchScreen.storyboard; sourceTree = "<group>"; };
		845C1E322A15637A000D60D5 /* Info.plist */ = {isa = PBXFileReference; lastKnownFileType = text.plist.xml; path = Info.plist; sourceTree = "<group>"; };
		845C1E3A2A15838D000D60D5 /* CalculatorViewController.swift */ = {isa = PBXFileReference; lastKnownFileType = sourcecode.swift; name = CalculatorViewController.swift; path = IMCApp/CalculatorViewController.swift; sourceTree = SOURCE_ROOT; };
		845C1E3D2A1586ED000D60D5 /* CalculatorModel.swift */ = {isa = PBXFileReference; lastKnownFileType = sourcecode.swift; path = CalculatorModel.swift; sourceTree = "<group>"; };
		845C1E3F2A1587AE000D60D5 /* IMCCalculator.swift */ = {isa = PBXFileReference; lastKnownFileType = sourcecode.swift; path = IMCCalculator.swift; sourceTree = "<group>"; };
		845C1E412A164E5D000D60D5 /* ResultsViewController.swift */ = {isa = PBXFileReference; lastKnownFileType = sourcecode.swift; path = ResultsViewController.swift; sourceTree = "<group>"; };
/* End PBXFileReference section */

/* Begin PBXFrameworksBuildPhase section */
		845C1E1E2A156373000D60D5 /* Frameworks */ = {
			isa = PBXFrameworksBuildPhase;
			buildActionMask = 2147483647;
			files = (
			);
			runOnlyForDeploymentPostprocessing = 0;
		};
/* End PBXFrameworksBuildPhase section */

/* Begin PBXGroup section */
		845C1E182A156373000D60D5 = {
			isa = PBXGroup;
			children = (
				845C1E232A156373000D60D5 /* IMCApp */,
				845C1E222A156373000D60D5 /* Products */,
			);
			sourceTree = "<group>";
		};
		845C1E222A156373000D60D5 /* Products */ = {
			isa = PBXGroup;
			children = (
				845C1E212A156373000D60D5 /* IMCApp.app */,
			);
			name = Products;
			sourceTree = "<group>";
		};
		845C1E232A156373000D60D5 /* IMCApp */ = {
			isa = PBXGroup;
			children = (
				845C1E3F2A1587AE000D60D5 /* IMCCalculator.swift */,
				845C1E3D2A1586ED000D60D5 /* CalculatorModel.swift */,
				845C1E3A2A15838D000D60D5 /* CalculatorViewController.swift */,
				845C1E412A164E5D000D60D5 /* ResultsViewController.swift */,
				845C1E382A157B84000D60D5 /* Resources */,
				845C1E322A15637A000D60D5 /* Info.plist */,
			);
			path = IMCApp;
			sourceTree = "<group>";
		};
		845C1E382A157B84000D60D5 /* Resources */ = {
			isa = PBXGroup;
			children = (
				845C1E242A156373000D60D5 /* AppDelegate.swift */,
				845C1E262A156373000D60D5 /* SceneDelegate.swift */,
				845C1E2D2A15637A000D60D5 /* Assets.xcassets */,
				845C1E2F2A15637A000D60D5 /* LaunchScreen.storyboard */,
			);
			path = Resources;
			sourceTree = "<group>";
		};
/* End PBXGroup section */

/* Begin PBXNativeTarget section */
		845C1E202A156373000D60D5 /* IMCApp */ = {
			isa = PBXNativeTarget;
			buildConfigurationList = 845C1E352A15637A000D60D5 /* Build configuration list for PBXNativeTarget "IMCApp" */;
			buildPhases = (
				845C1E1D2A156373000D60D5 /* Sources */,
				845C1E1E2A156373000D60D5 /* Frameworks */,
				845C1E1F2A156373000D60D5 /* Resources */,
			);
			buildRules = (
			);
			dependencies = (
			);
			name = IMCApp;
			productName = IMCApp;
			productReference = 845C1E212A156373000D60D5 /* IMCApp.app */;
			productType = "com.apple.product-type.application";
		};
/* End PBXNativeTarget section */

/* Begin PBXProject section */
		845C1E192A156373000D60D5 /* Project object */ = {
			isa = PBXProject;
			attributes = {
				BuildIndependentTargetsInParallel = 1;
				LastSwiftUpdateCheck = 1430;
				LastUpgradeCheck = 1430;
				TargetAttributes = {
					845C1E202A156373000D60D5 = {
						CreatedOnToolsVersion = 14.3;
					};
				};
			};
			buildConfigurationList = 845C1E1C2A156373000D60D5 /* Build configuration list for PBXProject "IMCApp" */;
			compatibilityVersion = "Xcode 14.0";
			developmentRegion = en;
			hasScannedForEncodings = 0;
			knownRegions = (
				en,
				Base,
			);
			mainGroup = 845C1E182A156373000D60D5;
			productRefGroup = 845C1E222A156373000D60D5 /* Products */;
			projectDirPath = "";
			projectRoot = "";
			targets = (
				845C1E202A156373000D60D5 /* IMCApp */,
			);
		};
/* End PBXProject section */

/* Begin PBXResourcesBuildPhase section */
		845C1E1F2A156373000D60D5 /* Resources */ = {
			isa = PBXResourcesBuildPhase;
			buildActionMask = 2147483647;
			files = (
				845C1E312A15637A000D60D5 /* LaunchScreen.storyboard in Resources */,
				845C1E2E2A15637A000D60D5 /* Assets.xcassets in Resources */,
			);
			runOnlyForDeploymentPostprocessing = 0;
		};
/* End PBXResourcesBuildPhase section */

/* Begin PBXSourcesBuildPhase section */
		845C1E1D2A156373000D60D5 /* Sources */ = {
			isa = PBXSourcesBuildPhase;
			buildActionMask = 2147483647;
			files = (
				845C1E402A1587AE000D60D5 /* IMCCalculator.swift in Sources */,
				845C1E3E2A1586ED000D60D5 /* CalculatorModel.swift in Sources */,
				845C1E422A164E5E000D60D5 /* ResultsViewController.swift in Sources */,
				845C1E252A156373000D60D5 /* AppDelegate.swift in Sources */,
				845C1E3B2A15838D000D60D5 /* CalculatorViewController.swift in Sources */,
				845C1E272A156373000D60D5 /* SceneDelegate.swift in Sources */,
			);
			runOnlyForDeploymentPostprocessing = 0;
		};
/* End PBXSourcesBuildPhase section */

/* Begin PBXVariantGroup section */
		845C1E2F2A15637A000D60D5 /* LaunchScreen.storyboard */ = {
			isa = PBXVariantGroup;
			children = (
				845C1E302A15637A000D60D5 /* Base */,
			);
			name = LaunchScreen.storyboard;
			sourceTree = "<group>";
		};
/* End PBXVariantGroup section */

/* Begin XCBuildConfiguration section */
		845C1E332A15637A000D60D5 /* Debug */ = {
			isa = XCBuildConfiguration;
			buildSettings = {
				ALWAYS_SEARCH_USER_PATHS = NO;
				CLANG_ANALYZER_NONNULL = YES;
				CLANG_ANALYZER_NUMBER_OBJECT_CONVERSION = YES_AGGRESSIVE;
				CLANG_CXX_LANGUAGE_STANDARD = "gnu++20";
				CLANG_ENABLE_MODULES = YES;
				CLANG_ENABLE_OBJC_ARC = YES;
				CLANG_ENABLE_OBJC_WEAK = YES;
				CLANG_WARN_BLOCK_CAPTURE_AUTORELEASING = YES;
				CLANG_WARN_BOOL_CONVERSION = YES;
				CLANG_WARN_COMMA = YES;
				CLANG_WARN_CONSTANT_CONVERSION = YES;
				CLANG_WARN_DEPRECATED_OBJC_IMPLEMENTATIONS = YES;
				CLANG_WARN_DIRECT_OBJC_ISA_USAGE = YES_ERROR;
				CLANG_WARN_DOCUMENTATION_COMMENTS = YES;
				CLANG_WARN_EMPTY_BODY = YES;
				CLANG_WARN_ENUM_CONVERSION = YES;
				CLANG_WARN_INFINITE_RECURSION = YES;
				CLANG_WARN_INT_CONVERSION = YES;
				CLANG_WARN_NON_LITERAL_NULL_CONVERSION = YES;
				CLANG_WARN_OBJC_IMPLICIT_RETAIN_SELF = YES;
				CLANG_WARN_OBJC_LITERAL_CONVERSION = YES;
				CLANG_WARN_OBJC_ROOT_CLASS = YES_ERROR;
				CLANG_WARN_QUOTED_INCLUDE_IN_FRAMEWORK_HEADER = YES;
				CLANG_WARN_RANGE_LOOP_ANALYSIS = YES;
				CLANG_WARN_STRICT_PROTOTYPES = YES;
				CLANG_WARN_SUSPICIOUS_MOVE = YES;
				CLANG_WARN_UNGUARDED_AVAILABILITY = YES_AGGRESSIVE;
				CLANG_WARN_UNREACHABLE_CODE = YES;
				CLANG_WARN__DUPLICATE_METHOD_MATCH = YES;
				COPY_PHASE_STRIP = NO;
				DEBUG_INFORMATION_FORMAT = dwarf;
				ENABLE_STRICT_OBJC_MSGSEND = YES;
				ENABLE_TESTABILITY = YES;
				GCC_C_LANGUAGE_STANDARD = gnu11;
				GCC_DYNAMIC_NO_PIC = NO;
				GCC_NO_COMMON_BLOCKS = YES;
				GCC_OPTIMIZATION_LEVEL = 0;
				GCC_PREPROCESSOR_DEFINITIONS = (
					"DEBUG=1",
					"$(inherited)",
				);
				GCC_WARN_64_TO_32_BIT_CONVERSION = YES;
				GCC_WARN_ABOUT_RETURN_TYPE = YES_ERROR;
				GCC_WARN_UNDECLARED_SELECTOR = YES;
				GCC_WARN_UNINITIALIZED_AUTOS = YES_AGGRESSIVE;
				GCC_WARN_UNUSED_FUNCTION = YES;
				GCC_WARN_UNUSED_VARIABLE = YES;
				IPHONEOS_DEPLOYMENT_TARGET = 16.4;
				MTL_ENABLE_DEBUG_INFO = INCLUDE_SOURCE;
				MTL_FAST_MATH = YES;
				ONLY_ACTIVE_ARCH = YES;
				SDKROOT = iphoneos;
				SWIFT_ACTIVE_COMPILATION_CONDITIONS = DEBUG;
				SWIFT_OPTIMIZATION_LEVEL = "-Onone";
			};
			name = Debug;
		};
		845C1E342A15637A000D60D5 /* Release */ = {
			isa = XCBuildConfiguration;
			buildSettings = {
				ALWAYS_SEARCH_USER_PATHS = NO;
				CLANG_ANALYZER_NONNULL = YES;
				CLANG_ANALYZER_NUMBER_OBJECT_CONVERSION = YES_AGGRESSIVE;
				CLANG_CXX_LANGUAGE_STANDARD = "gnu++20";
				CLANG_ENABLE_MODULES = YES;
				CLANG_ENABLE_OBJC_ARC = YES;
				CLANG_ENABLE_OBJC_WEAK = YES;
				CLANG_WARN_BLOCK_CAPTURE_AUTORELEASING = YES;
				CLANG_WARN_BOOL_CONVERSION = YES;
				CLANG_WARN_COMMA = YES;
				CLANG_WARN_CONSTANT_CONVERSION = YES;
				CLANG_WARN_DEPRECATED_OBJC_IMPLEMENTATIONS = YES;
				CLANG_WARN_DIRECT_OBJC_ISA_USAGE = YES_ERROR;
				CLANG_WARN_DOCUMENTATION_COMMENTS = YES;
				CLANG_WARN_EMPTY_BODY = YES;
				CLANG_WARN_ENUM_CONVERSION = YES;
				CLANG_WARN_INFINITE_RECURSION = YES;
				CLANG_WARN_INT_CONVERSION = YES;
				CLANG_WARN_NON_LITERAL_NULL_CONVERSION = YES;
				CLANG_WARN_OBJC_IMPLICIT_RETAIN_SELF = YES;
				CLANG_WARN_OBJC_LITERAL_CONVERSION = YES;
				CLANG_WARN_OBJC_ROOT_CLASS = YES_ERROR;
				CLANG_WARN_QUOTED_INCLUDE_IN_FRAMEWORK_HEADER = YES;
				CLANG_WARN_RANGE_LOOP_ANALYSIS = YES;
				CLANG_WARN_STRICT_PROTOTYPES = YES;
				CLANG_WARN_SUSPICIOUS_MOVE = YES;
				CLANG_WARN_UNGUARDED_AVAILABILITY = YES_AGGRESSIVE;
				CLANG_WARN_UNREACHABLE_CODE = YES;
				CLANG_WARN__DUPLICATE_METHOD_MATCH = YES;
				COPY_PHASE_STRIP = NO;
				DEBUG_INFORMATION_FORMAT = "dwarf-with-dsym";
				ENABLE_NS_ASSERTIONS = NO;
				ENABLE_STRICT_OBJC_MSGSEND = YES;
				GCC_C_LANGUAGE_STANDARD = gnu11;
				GCC_NO_COMMON_BLOCKS = YES;
				GCC_WARN_64_TO_32_BIT_CONVERSION = YES;
				GCC_WARN_ABOUT_RETURN_TYPE = YES_ERROR;
				GCC_WARN_UNDECLARED_SELECTOR = YES;
				GCC_WARN_UNINITIALIZED_AUTOS = YES_AGGRESSIVE;
				GCC_WARN_UNUSED_FUNCTION = YES;
				GCC_WARN_UNUSED_VARIABLE = YES;
				IPHONEOS_DEPLOYMENT_TARGET = 16.4;
				MTL_ENABLE_DEBUG_INFO = NO;
				MTL_FAST_MATH = YES;
				SDKROOT = iphoneos;
				SWIFT_COMPILATION_MODE = wholemodule;
				SWIFT_OPTIMIZATION_LEVEL = "-O";
				VALIDATE_PRODUCT = YES;
			};
			name = Release;
		};
		845C1E362A15637A000D60D5 /* Debug */ = {
			isa = XCBuildConfiguration;
			buildSettings = {
				ASSETCATALOG_COMPILER_APPICON_NAME = AppIcon;
				ASSETCATALOG_COMPILER_GLOBAL_ACCENT_COLOR_NAME = AccentColor;
				CODE_SIGN_STYLE = Automatic;
				CURRENT_PROJECT_VERSION = 1;
				DEVELOPMENT_TEAM = A537934VM9;
				GENERATE_INFOPLIST_FILE = YES;
				INFOPLIST_FILE = IMCApp/Info.plist;
				INFOPLIST_KEY_UIApplicationSupportsIndirectInputEvents = YES;
				INFOPLIST_KEY_UILaunchStoryboardName = LaunchScreen;
				INFOPLIST_KEY_UISupportedInterfaceOrientations_iPad = "UIInterfaceOrientationPortrait UIInterfaceOrientationPortraitUpsideDown UIInterfaceOrientationLandscapeLeft UIInterfaceOrientationLandscapeRight";
				INFOPLIST_KEY_UISupportedInterfaceOrientations_iPhone = "UIInterfaceOrientationPortrait UIInterfaceOrientationLandscapeLeft UIInterfaceOrientationLandscapeRight";
				LD_RUNPATH_SEARCH_PATHS = (
					"$(inherited)",
					"@executable_path/Frameworks",
				);
				MARKETING_VERSION = 1.0;
				PRODUCT_BUNDLE_IDENTIFIER = LidianeAPP2.IMCApp;
				PRODUCT_NAME = "$(TARGET_NAME)";
				SWIFT_EMIT_LOC_STRINGS = YES;
				SWIFT_VERSION = 5.0;
				TARGETED_DEVICE_FAMILY = "1,2";
			};
			name = Debug;
		};
		845C1E372A15637A000D60D5 /* Release */ = {
			isa = XCBuildConfiguration;
			buildSettings = {
				ASSETCATALOG_COMPILER_APPICON_NAME = AppIcon;
				ASSETCATALOG_COMPILER_GLOBAL_ACCENT_COLOR_NAME = AccentColor;
				CODE_SIGN_STYLE = Automatic;
				CURRENT_PROJECT_VERSION = 1;
				DEVELOPMENT_TEAM = A537934VM9;
				GENERATE_INFOPLIST_FILE = YES;
				INFOPLIST_FILE = IMCApp/Info.plist;
				INFOPLIST_KEY_UIApplicationSupportsIndirectInputEvents = YES;
				INFOPLIST_KEY_UILaunchStoryboardName = LaunchScreen;
				INFOPLIST_KEY_UISupportedInterfaceOrientations_iPad = "UIInterfaceOrientationPortrait UIInterfaceOrientationPortraitUpsideDown UIInterfaceOrientationLandscapeLeft UIInterfaceOrientationLandscapeRight";
				INFOPLIST_KEY_UISupportedInterfaceOrientations_iPhone = "UIInterfaceOrientationPortrait UIInterfaceOrientationLandscapeLeft UIInterfaceOrientationLandscapeRight";
				LD_RUNPATH_SEARCH_PATHS = (
					"$(inherited)",
					"@executable_path/Frameworks",
				);
				MARKETING_VERSION = 1.0;
				PRODUCT_BUNDLE_IDENTIFIER = LidianeAPP2.IMCApp;
				PRODUCT_NAME = "$(TARGET_NAME)";
				SWIFT_EMIT_LOC_STRINGS = YES;
				SWIFT_VERSION = 5.0;
				TARGETED_DEVICE_FAMILY = "1,2";
			};
			name = Release;
		};
/* End XCBuildConfiguration section */

/* Begin XCConfigurationList section */
		845C1E1C2A156373000D60D5 /* Build configuration list for PBXProject "IMCApp" */ = {
			isa = XCConfigurationList;
			buildConfigurations = (
				845C1E332A15637A000D60D5 /* Debug */,
				845C1E342A15637A000D60D5 /* Release */,
			);
			defaultConfigurationIsVisible = 0;
			defaultConfigurationName = Release;
		};
		845C1E352A15637A000D60D5 /* Build configuration list for PBXNativeTarget "IMCApp" */ = {
			isa = XCConfigurationList;
			buildConfigurations = (
				845C1E362A15637A000D60D5 /* Debug */,
				845C1E372A15637A000D60D5 /* Release */,
			);
			defaultConfigurationIsVisible = 0;
			defaultConfigurationName = Release;
		};
/* End XCConfigurationList section */
	};
	rootObject = 845C1E192A156373000D60D5 /* Project object */;
}
